
Microsoft Visual Studio Solution File, Format Version 12.00
# Visual Studio Version 17
VisualStudioVersion = 17.5.002.0
MinimumVisualStudioVersion = 10.0.40219.1
Project("{9A19103F-16F7-4668-BE54-9A1E7A4F7556}") = "SlutProjekt", "SlutProjekt.csproj", "{4EAC3FB4-30B3-4272-A983-C7300C1D4F23}"
EndProject
Global
	GlobalSection(SolutionConfigurationPlatforms) = preSolution
		Debug|Any CPU = Debug|Any CPU
		Release|Any CPU = Release|Any CPU
	EndGlobalSection
	GlobalSection(ProjectConfigurationPlatforms) = postSolution
		{4EAC3FB4-30B3-4272-A983-C7300C1D4F23}.Debug|Any CPU.ActiveCfg = Debug|Any CPU
		{4EAC3FB4-30B3-4272-A983-C7300C1D4F23}.Debug|Any CPU.Build.0 = Debug|Any CPU
		{4EAC3FB4-30B3-4272-A983-C7300C1D4F23}.Release|Any CPU.ActiveCfg = Release|Any CPU
		{4EAC3FB4-30B3-4272-A983-C7300C1D4F23}.Release|Any CPU.Build.0 = Release|Any CPU
	EndGlobalSection
	GlobalSection(SolutionProperties) = preSolution
		HideSolutionNode = FALSE
	EndGlobalSection
	GlobalSection(ExtensibilityGlobals) = postSolution
		SolutionGuid = {5DF1A88E-3A99-4963-863D-12EB97A3BB5E}
	EndGlobalSection
EndGlobal
